
Microsoft Visual Studio Solution File, Format Version 12.00
# Visual Studio 2013
VisualStudioVersion = 12.0.31101.0
MinimumVisualStudioVersion = 10.0.40219.1
Project("{FAE04EC0-301F-11D3-BF4B-00C04F79EFBC}") = "01. Shapes", "01. Shapes\01. Shapes.csproj", "{C39277B4-3CFB-43B3-B687-812A2E791D3D}"
EndProject
Project("{FAE04EC0-301F-11D3-BF4B-00C04F79EFBC}") = "02. BankAccounts", "02. BankAccounts\02. BankAccounts.csproj", "{93D37CA2-6D11-4230-AA4B-6D6263726441}"
EndProject
Project("{FAE04EC0-301F-11D3-BF4B-00C04F79EFBC}") = "03. RangeExceptions", "03. RangeExceptions\03. RangeExceptions.csproj", "{4CB64467-3594-4D60-B7F8-22C2DC1DEEEF}"
EndProject
Global
	GlobalSection(SolutionConfigurationPlatforms) = preSolution
		Debug|Any CPU = Debug|Any CPU
		Release|Any CPU = Release|Any CPU
	EndGlobalSection
	GlobalSection(ProjectConfigurationPlatforms) = postSolution
		{C39277B4-3CFB-43B3-B687-812A2E791D3D}.Debug|Any CPU.ActiveCfg = Debug|Any CPU
		{C39277B4-3CFB-43B3-B687-812A2E791D3D}.Debug|Any CPU.Build.0 = Debug|Any CPU
		{C39277B4-3CFB-43B3-B687-812A2E791D3D}.Release|Any CPU.ActiveCfg = Release|Any CPU
		{C39277B4-3CFB-43B3-B687-812A2E791D3D}.Release|Any CPU.Build.0 = Release|Any CPU
		{93D37CA2-6D11-4230-AA4B-6D6263726441}.Debug|Any CPU.ActiveCfg = Debug|Any CPU
		{93D37CA2-6D11-4230-AA4B-6D6263726441}.Debug|Any CPU.Build.0 = Debug|Any CPU
		{93D37CA2-6D11-4230-AA4B-6D6263726441}.Release|Any CPU.ActiveCfg = Release|Any CPU
		{93D37CA2-6D11-4230-AA4B-6D6263726441}.Release|Any CPU.Build.0 = Release|Any CPU
		{4CB64467-3594-4D60-B7F8-22C2DC1DEEEF}.Debug|Any CPU.ActiveCfg = Debug|Any CPU
		{4CB64467-3594-4D60-B7F8-22C2DC1DEEEF}.Debug|Any CPU.Build.0 = Debug|Any CPU
		{4CB64467-3594-4D60-B7F8-22C2DC1DEEEF}.Release|Any CPU.ActiveCfg = Release|Any CPU
		{4CB64467-3594-4D60-B7F8-22C2DC1DEEEF}.Release|Any CPU.Build.0 = Release|Any CPU
	EndGlobalSection
	GlobalSection(SolutionProperties) = preSolution
		HideSolutionNode = FALSE
	EndGlobalSection
EndGlobal
