
Microsoft Visual Studio Solution File, Format Version 12.00
# Visual Studio 2013
VisualStudioVersion = 12.0.31101.0
MinimumVisualStudioVersion = 10.0.40219.1
Project("{FAE04EC0-301F-11D3-BF4B-00C04F79EFBC}") = "01. School", "01. School\01. School.csproj", "{E7825C45-8EC0-4047-A74B-8C83A31A2A4C}"
EndProject
Project("{FAE04EC0-301F-11D3-BF4B-00C04F79EFBC}") = "02. StudentsAndWorkers", "02. StudentsAndWorkers\02. StudentsAndWorkers.csproj", "{2B272540-AAF0-4B91-A9B4-5CBD67759BDF}"
EndProject
Project("{FAE04EC0-301F-11D3-BF4B-00C04F79EFBC}") = "03. Animals", "03. Animals\03. Animals.csproj", "{4EECE9C6-5D39-4B1C-90C0-21628D76B8D1}"
EndProject
Global
	GlobalSection(SolutionConfigurationPlatforms) = preSolution
		Debug|Any CPU = Debug|Any CPU
		Release|Any CPU = Release|Any CPU
	EndGlobalSection
	GlobalSection(ProjectConfigurationPlatforms) = postSolution
		{E7825C45-8EC0-4047-A74B-8C83A31A2A4C}.Debug|Any CPU.ActiveCfg = Debug|Any CPU
		{E7825C45-8EC0-4047-A74B-8C83A31A2A4C}.Debug|Any CPU.Build.0 = Debug|Any CPU
		{E7825C45-8EC0-4047-A74B-8C83A31A2A4C}.Release|Any CPU.ActiveCfg = Release|Any CPU
		{E7825C45-8EC0-4047-A74B-8C83A31A2A4C}.Release|Any CPU.Build.0 = Release|Any CPU
		{2B272540-AAF0-4B91-A9B4-5CBD67759BDF}.Debug|Any CPU.ActiveCfg = Debug|Any CPU
		{2B272540-AAF0-4B91-A9B4-5CBD67759BDF}.Debug|Any CPU.Build.0 = Debug|Any CPU
		{2B272540-AAF0-4B91-A9B4-5CBD67759BDF}.Release|Any CPU.ActiveCfg = Release|Any CPU
		{2B272540-AAF0-4B91-A9B4-5CBD67759BDF}.Release|Any CPU.Build.0 = Release|Any CPU
		{4EECE9C6-5D39-4B1C-90C0-21628D76B8D1}.Debug|Any CPU.ActiveCfg = Debug|Any CPU
		{4EECE9C6-5D39-4B1C-90C0-21628D76B8D1}.Debug|Any CPU.Build.0 = Debug|Any CPU
		{4EECE9C6-5D39-4B1C-90C0-21628D76B8D1}.Release|Any CPU.ActiveCfg = Release|Any CPU
		{4EECE9C6-5D39-4B1C-90C0-21628D76B8D1}.Release|Any CPU.Build.0 = Release|Any CPU
	EndGlobalSection
	GlobalSection(SolutionProperties) = preSolution
		HideSolutionNode = FALSE
	EndGlobalSection
EndGlobal
